
Microsoft Visual Studio Solution File, Format Version 12.00
# Visual Studio Version 16
VisualStudioVersion = 16.0.30907.101
MinimumVisualStudioVersion = 10.0.40219.1
Project("{2150E333-8FDC-42A3-9474-1A3956D46DE8}") = "Array", "Array", "{02395CA0-CDBD-4842-BBC7-0A8C82B36A9F}"
EndProject
Project("{FAE04EC0-301F-11D3-BF4B-00C04F79EFBC}") = "GameMap", "GameMap\GameMap.csproj", "{DA2EC1F0-7DCC-430B-A7AE-D299A8583879}"
EndProject
Project("{FAE04EC0-301F-11D3-BF4B-00C04F79EFBC}") = "YearlyTransportPlan", "YearlyTransportPlan\YearlyTransportPlan.csproj", "{2573842A-0413-4F1B-A23C-0945898BAED8}"
EndProject
Project("{FAE04EC0-301F-11D3-BF4B-00C04F79EFBC}") = "SelectionSort", "SelectionSorr\SelectionSort.csproj", "{DB7CEEEB-CF6D-499A-AAF4-E6F2387FEBD3}"
EndProject
Project("{FAE04EC0-301F-11D3-BF4B-00C04F79EFBC}") = "InsertionSort", "InsertionSort\InsertionSort.csproj", "{B61DB6DB-B554-4B0E-BB33-0B1E72EA5669}"
EndProject
Project("{FAE04EC0-301F-11D3-BF4B-00C04F79EFBC}") = "BubbleSort", "BubbleSort\BubbleSort.csproj", "{1C615909-A418-4DB3-A0B4-837D58276724}"
EndProject
Project("{FAE04EC0-301F-11D3-BF4B-00C04F79EFBC}") = "Quicksort", "Quicksort\Quicksort.csproj", "{1C1CB852-EC5E-4FAC-BA15-88404C21D5E8}"
EndProject
Project("{2150E333-8FDC-42A3-9474-1A3956D46DE8}") = "Sorting", "Sorting", "{D3515787-AF8C-4386-85BB-47DB79669DD4}"
EndProject
Global
	GlobalSection(SolutionConfigurationPlatforms) = preSolution
		Debug|Any CPU = Debug|Any CPU
		Release|Any CPU = Release|Any CPU
	EndGlobalSection
	GlobalSection(ProjectConfigurationPlatforms) = postSolution
		{DA2EC1F0-7DCC-430B-A7AE-D299A8583879}.Debug|Any CPU.ActiveCfg = Debug|Any CPU
		{DA2EC1F0-7DCC-430B-A7AE-D299A8583879}.Debug|Any CPU.Build.0 = Debug|Any CPU
		{DA2EC1F0-7DCC-430B-A7AE-D299A8583879}.Release|Any CPU.ActiveCfg = Release|Any CPU
		{DA2EC1F0-7DCC-430B-A7AE-D299A8583879}.Release|Any CPU.Build.0 = Release|Any CPU
		{2573842A-0413-4F1B-A23C-0945898BAED8}.Debug|Any CPU.ActiveCfg = Debug|Any CPU
		{2573842A-0413-4F1B-A23C-0945898BAED8}.Debug|Any CPU.Build.0 = Debug|Any CPU
		{2573842A-0413-4F1B-A23C-0945898BAED8}.Release|Any CPU.ActiveCfg = Release|Any CPU
		{2573842A-0413-4F1B-A23C-0945898BAED8}.Release|Any CPU.Build.0 = Release|Any CPU
		{DB7CEEEB-CF6D-499A-AAF4-E6F2387FEBD3}.Debug|Any CPU.ActiveCfg = Debug|Any CPU
		{DB7CEEEB-CF6D-499A-AAF4-E6F2387FEBD3}.Debug|Any CPU.Build.0 = Debug|Any CPU
		{DB7CEEEB-CF6D-499A-AAF4-E6F2387FEBD3}.Release|Any CPU.ActiveCfg = Release|Any CPU
		{DB7CEEEB-CF6D-499A-AAF4-E6F2387FEBD3}.Release|Any CPU.Build.0 = Release|Any CPU
		{B61DB6DB-B554-4B0E-BB33-0B1E72EA5669}.Debug|Any CPU.ActiveCfg = Debug|Any CPU
		{B61DB6DB-B554-4B0E-BB33-0B1E72EA5669}.Debug|Any CPU.Build.0 = Debug|Any CPU
		{B61DB6DB-B554-4B0E-BB33-0B1E72EA5669}.Release|Any CPU.ActiveCfg = Release|Any CPU
		{B61DB6DB-B554-4B0E-BB33-0B1E72EA5669}.Release|Any CPU.Build.0 = Release|Any CPU
		{1C615909-A418-4DB3-A0B4-837D58276724}.Debug|Any CPU.ActiveCfg = Debug|Any CPU
		{1C615909-A418-4DB3-A0B4-837D58276724}.Debug|Any CPU.Build.0 = Debug|Any CPU
		{1C615909-A418-4DB3-A0B4-837D58276724}.Release|Any CPU.ActiveCfg = Release|Any CPU
		{1C615909-A418-4DB3-A0B4-837D58276724}.Release|Any CPU.Build.0 = Release|Any CPU
		{1C1CB852-EC5E-4FAC-BA15-88404C21D5E8}.Debug|Any CPU.ActiveCfg = Debug|Any CPU
		{1C1CB852-EC5E-4FAC-BA15-88404C21D5E8}.Debug|Any CPU.Build.0 = Debug|Any CPU
		{1C1CB852-EC5E-4FAC-BA15-88404C21D5E8}.Release|Any CPU.ActiveCfg = Release|Any CPU
		{1C1CB852-EC5E-4FAC-BA15-88404C21D5E8}.Release|Any CPU.Build.0 = Release|Any CPU
	EndGlobalSection
	GlobalSection(SolutionProperties) = preSolution
		HideSolutionNode = FALSE
	EndGlobalSection
	GlobalSection(NestedProjects) = preSolution
		{DA2EC1F0-7DCC-430B-A7AE-D299A8583879} = {02395CA0-CDBD-4842-BBC7-0A8C82B36A9F}
		{2573842A-0413-4F1B-A23C-0945898BAED8} = {02395CA0-CDBD-4842-BBC7-0A8C82B36A9F}
		{DB7CEEEB-CF6D-499A-AAF4-E6F2387FEBD3} = {D3515787-AF8C-4386-85BB-47DB79669DD4}
		{B61DB6DB-B554-4B0E-BB33-0B1E72EA5669} = {D3515787-AF8C-4386-85BB-47DB79669DD4}
		{1C615909-A418-4DB3-A0B4-837D58276724} = {D3515787-AF8C-4386-85BB-47DB79669DD4}
		{1C1CB852-EC5E-4FAC-BA15-88404C21D5E8} = {D3515787-AF8C-4386-85BB-47DB79669DD4}
	EndGlobalSection
	GlobalSection(ExtensibilityGlobals) = postSolution
		SolutionGuid = {CBDD5C0F-9BE0-41B0-ADEA-33DA32C7B855}
	EndGlobalSection
EndGlobal
