
Microsoft Visual Studio Solution File, Format Version 12.00
# Visual Studio Version 16
VisualStudioVersion = 16.0.30907.101
MinimumVisualStudioVersion = 10.0.40219.1
Project("{2150E333-8FDC-42A3-9474-1A3956D46DE8}") = "Array", "Array", "{02395CA0-CDBD-4842-BBC7-0A8C82B36A9F}"
EndProject
Project("{FAE04EC0-301F-11D3-BF4B-00C04F79EFBC}") = "GameMap", "GameMap\GameMap.csproj", "{DA2EC1F0-7DCC-430B-A7AE-D299A8583879}"
EndProject
Global
	GlobalSection(SolutionConfigurationPlatforms) = preSolution
		Debug|Any CPU = Debug|Any CPU
		Release|Any CPU = Release|Any CPU
	EndGlobalSection
	GlobalSection(ProjectConfigurationPlatforms) = postSolution
		{DA2EC1F0-7DCC-430B-A7AE-D299A8583879}.Debug|Any CPU.ActiveCfg = Debug|Any CPU
		{DA2EC1F0-7DCC-430B-A7AE-D299A8583879}.Debug|Any CPU.Build.0 = Debug|Any CPU
		{DA2EC1F0-7DCC-430B-A7AE-D299A8583879}.Release|Any CPU.ActiveCfg = Release|Any CPU
		{DA2EC1F0-7DCC-430B-A7AE-D299A8583879}.Release|Any CPU.Build.0 = Release|Any CPU
	EndGlobalSection
	GlobalSection(SolutionProperties) = preSolution
		HideSolutionNode = FALSE
	EndGlobalSection
	GlobalSection(NestedProjects) = preSolution
		{DA2EC1F0-7DCC-430B-A7AE-D299A8583879} = {02395CA0-CDBD-4842-BBC7-0A8C82B36A9F}
	EndGlobalSection
	GlobalSection(ExtensibilityGlobals) = postSolution
		SolutionGuid = {CBDD5C0F-9BE0-41B0-ADEA-33DA32C7B855}
	EndGlobalSection
EndGlobal
